github.com/armon/go-proxyproto v0.0.0-20180202201750-5b7edb60ff5f h1:SaJ6yqg936TshyeFZqQE+N+9hYkIeL9AMr7S4voCl10=
github.com/armon/go-proxyproto v0.0.0-20180202201750-5b7edb60ff5f/go.mod h1:QmP9hvJ91BbJmGVGSbutW19IC0Q9phDCLGaomwTJbgU=
github.com/cloudflare/buffer v0.0.0-20170426174217-95edf007eb08 h1:IMkzv7NWK1HCik6vqGaXozc8Hxz+1qJxGwsieDcBSN4=
github.com/cloudflare/buffer v0.0.0-20170426174217-95edf007eb08/go.mod h1:ZnxZpMd195sLbJvaXo8K/TznbhoMeA9HOPGNm/2ztMw=
github.com/go-mixins/http v0.0.0-20170830133637-681696dd50e0 h1:1Scc5Qk5rXk3In9m6a3RK++6/lSFljsaSE7e1/dC3/0=
github.com/go-mixins/http v0.0.0-20170830133637-681696dd50e0/go.mod h1:6w0ffgKZieElDzIXgRYGA9C2eJtDTG9Vv7/a2GExHBs=
github.com/gorilla/websocket v1.4.0 h1:WDFjx/TMzVgy9VdMMQi2K2Emtwi2QcUQsztZ/zLaH/Q=
github.com/gorilla/websocket v1.4.0/go.mod h1:E7qHFY5m1UJ88s3WnNqhKjPHQ0heANvMoAMk2YaljkQ=
github.com/jeremywohl/flatten v0.0.0-20180923035001-588fe0d4c603 h1:gSech9iGLFCosfl/DC7BWnpSSh/tQClWnKS2I2vdPww=
github.com/jeremywohl/flatten v0.0.0-20180923035001-588fe0d4c603/go.mod h1:4AmD/VxjWcI5SRB0n6szE2A6s2fsNHDLO0nAlMHgfLQ=
github.com/pkg/errors v0.8.0 h1:WdK/asTD0HN+q6hsWO3/vpuAkAr+tw6aNJNDFFf0+qw=
github.com/pkg/errors v0.8.0/go.mod h1:bwawxfHBFNV+L2hUp1rHADufV3IMtnDRdf1r5NINEl0=
