# This file is autogenerated, do not edit; changes may be undone by the next 'dep ensure'.


[[projects]]
  branch = "master"
  name = "github.com/armon/go-proxyproto"
  packages = ["."]
  revision = "48572f11356f1843b694f21a290d4f1006bc5e47"

[[projects]]
  branch = "master"
  name = "github.com/go-mixins/http"
  packages = ["."]
  revision = "681696dd50e024d8cd91cc6c63a6726bb0899d18"

[[projects]]
  branch = "master"
  name = "github.com/nsqio/go-diskqueue"
  packages = ["."]
  revision = "0681a1afee1245efa503b7543989fc26d8f268bc"

[[projects]]
  name = "github.com/pkg/errors"
  packages = ["."]
  revision = "645ef00459ed84a119197bfb8d8205042c6df63d"
  version = "v0.8.0"

[solve-meta]
  analyzer-name = "dep"
  analyzer-version = 1
  inputs-digest = "cfcd2b757dfb09624d72546781735c2f9b6f0acb3e28c4377039b22bcc6903c5"
  solver-name = "gps-cdcl"
  solver-version = 1
