# This file is autogenerated, do not edit; changes may be undone by the next 'dep ensure'.


[[projects]]
  branch = "master"
  name = "github.com/armon/go-proxyproto"
  packages = ["."]
  revision = "5b7edb60ff5f69b60d1950397f7bde6171f1807d"

[[projects]]
  branch = "master"
  name = "github.com/go-mixins/http"
  packages = ["."]
  revision = "681696dd50e024d8cd91cc6c63a6726bb0899d18"

[[projects]]
  branch = "master"
  name = "github.com/nsqio/go-diskqueue"
  packages = ["."]
  revision = "74cfbc9de8399a7fa86d676b908b002120826fc0"

[[projects]]
  name = "github.com/pkg/errors"
  packages = ["."]
  revision = "645ef00459ed84a119197bfb8d8205042c6df63d"
  version = "v0.8.0"

[solve-meta]
  analyzer-name = "dep"
  analyzer-version = 1
  inputs-digest = "cfcd2b757dfb09624d72546781735c2f9b6f0acb3e28c4377039b22bcc6903c5"
  solver-name = "gps-cdcl"
  solver-version = 1
